
Microsoft Visual Studio Solution File, Format Version 12.00
# Visual Studio 15
VisualStudioVersion = 15.0.28307.329
MinimumVisualStudioVersion = 10.0.40219.1
Project("{FAE04EC0-301F-11D3-BF4B-00C04F79EFBC}") = "XF_FacebookAds.Android", "XF_FacebookAds\XF_FacebookAds.Android\XF_FacebookAds.Android.csproj", "{86518302-BFFA-44AE-99DF-1F733A387F81}"
EndProject
Project("{FAE04EC0-301F-11D3-BF4B-00C04F79EFBC}") = "XF_FacebookAds.iOS", "XF_FacebookAds\XF_FacebookAds.iOS\XF_FacebookAds.iOS.csproj", "{3FEDC182-D2FA-447B-82CC-4F5C58EC3123}"
EndProject
Project("{FAE04EC0-301F-11D3-BF4B-00C04F79EFBC}") = "XF_FacebookAds.UWP", "XF_FacebookAds\XF_FacebookAds.UWP\XF_FacebookAds.UWP.csproj", "{03BAEBF1-29B7-4344-8365-D112CBDACEDE}"
EndProject
Project("{FAE04EC0-301F-11D3-BF4B-00C04F79EFBC}") = "XF_FacebookAds", "XF_FacebookAds\XF_FacebookAds\XF_FacebookAds.csproj", "{54734E5D-AFDE-405F-B43C-FFFDD37CFCFC}"
EndProject
Global
	GlobalSection(SolutionConfigurationPlatforms) = preSolution
		Ad-Hoc|Any CPU = Ad-Hoc|Any CPU
		Ad-Hoc|ARM = Ad-Hoc|ARM
		Ad-Hoc|iPhone = Ad-Hoc|iPhone
		Ad-Hoc|iPhoneSimulator = Ad-Hoc|iPhoneSimulator
		Ad-Hoc|x64 = Ad-Hoc|x64
		Ad-Hoc|x86 = Ad-Hoc|x86
		AppStore|Any CPU = AppStore|Any CPU
		AppStore|ARM = AppStore|ARM
		AppStore|iPhone = AppStore|iPhone
		AppStore|iPhoneSimulator = AppStore|iPhoneSimulator
		AppStore|x64 = AppStore|x64
		AppStore|x86 = AppStore|x86
		Debug|Any CPU = Debug|Any CPU
		Debug|ARM = Debug|ARM
		Debug|iPhone = Debug|iPhone
		Debug|iPhoneSimulator = Debug|iPhoneSimulator
		Debug|x64 = Debug|x64
		Debug|x86 = Debug|x86
		Release|Any CPU = Release|Any CPU
		Release|ARM = Release|ARM
		Release|iPhone = Release|iPhone
		Release|iPhoneSimulator = Release|iPhoneSimulator
		Release|x64 = Release|x64
		Release|x86 = Release|x86
	EndGlobalSection
	GlobalSection(ProjectConfigurationPlatforms) = postSolution
		{86518302-BFFA-44AE-99DF-1F733A387F81}.Ad-Hoc|Any CPU.ActiveCfg = Release|Any CPU
		{86518302-BFFA-44AE-99DF-1F733A387F81}.Ad-Hoc|Any CPU.Build.0 = Release|Any CPU
		{86518302-BFFA-44AE-99DF-1F733A387F81}.Ad-Hoc|Any CPU.Deploy.0 = Release|Any CPU
		{86518302-BFFA-44AE-99DF-1F733A387F81}.Ad-Hoc|ARM.ActiveCfg = Release|Any CPU
		{86518302-BFFA-44AE-99DF-1F733A387F81}.Ad-Hoc|ARM.Build.0 = Release|Any CPU
		{86518302-BFFA-44AE-99DF-1F733A387F81}.Ad-Hoc|ARM.Deploy.0 = Release|Any CPU
		{86518302-BFFA-44AE-99DF-1F733A387F81}.Ad-Hoc|iPhone.ActiveCfg = Release|Any CPU
		{86518302-BFFA-44AE-99DF-1F733A387F81}.Ad-Hoc|iPhone.Build.0 = Release|Any CPU
		{86518302-BFFA-44AE-99DF-1F733A387F81}.Ad-Hoc|iPhone.Deploy.0 = Release|Any CPU
		{86518302-BFFA-44AE-99DF-1F733A387F81}.Ad-Hoc|iPhoneSimulator.ActiveCfg = Release|Any CPU
		{86518302-BFFA-44AE-99DF-1F733A387F81}.Ad-Hoc|iPhoneSimulator.Build.0 = Release|Any CPU
		{86518302-BFFA-44AE-99DF-1F733A387F81}.Ad-Hoc|iPhoneSimulator.Deploy.0 = Release|Any CPU
		{86518302-BFFA-44AE-99DF-1F733A387F81}.Ad-Hoc|x64.ActiveCfg = Release|Any CPU
		{86518302-BFFA-44AE-99DF-1F733A387F81}.Ad-Hoc|x64.Build.0 = Release|Any CPU
		{86518302-BFFA-44AE-99DF-1F733A387F81}.Ad-Hoc|x64.Deploy.0 = Release|Any CPU
		{86518302-BFFA-44AE-99DF-1F733A387F81}.Ad-Hoc|x86.ActiveCfg = Release|Any CPU
		{86518302-BFFA-44AE-99DF-1F733A387F81}.Ad-Hoc|x86.Build.0 = Release|Any CPU
		{86518302-BFFA-44AE-99DF-1F733A387F81}.Ad-Hoc|x86.Deploy.0 = Release|Any CPU
		{86518302-BFFA-44AE-99DF-1F733A387F81}.AppStore|Any CPU.ActiveCfg = Release|Any CPU
		{86518302-BFFA-44AE-99DF-1F733A387F81}.AppStore|Any CPU.Build.0 = Release|Any CPU
		{86518302-BFFA-44AE-99DF-1F733A387F81}.AppStore|Any CPU.Deploy.0 = Release|Any CPU
		{86518302-BFFA-44AE-99DF-1F733A387F81}.AppStore|ARM.ActiveCfg = Release|Any CPU
		{86518302-BFFA-44AE-99DF-1F733A387F81}.AppStore|ARM.Build.0 = Release|Any CPU
		{86518302-BFFA-44AE-99DF-1F733A387F81}.AppStore|ARM.Deploy.0 = Release|Any CPU
		{86518302-BFFA-44AE-99DF-1F733A387F81}.AppStore|iPhone.ActiveCfg = Release|Any CPU
		{86518302-BFFA-44AE-99DF-1F733A387F81}.AppStore|iPhone.Build.0 = Release|Any CPU
		{86518302-BFFA-44AE-99DF-1F733A387F81}.AppStore|iPhone.Deploy.0 = Release|Any CPU
		{86518302-BFFA-44AE-99DF-1F733A387F81}.AppStore|iPhoneSimulator.ActiveCfg = Release|Any CPU
		{86518302-BFFA-44AE-99DF-1F733A387F81}.AppStore|iPhoneSimulator.Build.0 = Release|Any CPU
		{86518302-BFFA-44AE-99DF-1F733A387F81}.AppStore|iPhoneSimulator.Deploy.0 = Release|Any CPU
		{86518302-BFFA-44AE-99DF-1F733A387F81}.AppStore|x64.ActiveCfg = Release|Any CPU
		{86518302-BFFA-44AE-99DF-1F733A387F81}.AppStore|x64.Build.0 = Release|Any CPU
		{86518302-BFFA-44AE-99DF-1F733A387F81}.AppStore|x64.Deploy.0 = Release|Any CPU
		{86518302-BFFA-44AE-99DF-1F733A387F81}.AppStore|x86.ActiveCfg = Release|Any CPU
		{86518302-BFFA-44AE-99DF-1F733A387F81}.AppStore|x86.Build.0 = Release|Any CPU
		{86518302-BFFA-44AE-99DF-1F733A387F81}.AppStore|x86.Deploy.0 = Release|Any CPU
		{86518302-BFFA-44AE-99DF-1F733A387F81}.Debug|Any CPU.ActiveCfg = Debug|Any CPU
		{86518302-BFFA-44AE-99DF-1F733A387F81}.Debug|Any CPU.Build.0 = Debug|Any CPU
		{86518302-BFFA-44AE-99DF-1F733A387F81}.Debug|Any CPU.Deploy.0 = Debug|Any CPU
		{86518302-BFFA-44AE-99DF-1F733A387F81}.Debug|ARM.ActiveCfg = Debug|Any CPU
		{86518302-BFFA-44AE-99DF-1F733A387F81}.Debug|ARM.Build.0 = Debug|Any CPU
		{86518302-BFFA-44AE-99DF-1F733A387F81}.Debug|ARM.Deploy.0 = Debug|Any CPU
		{86518302-BFFA-44AE-99DF-1F733A387F81}.Debug|iPhone.ActiveCfg = Debug|Any CPU
		{86518302-BFFA-44AE-99DF-1F733A387F81}.Debug|iPhone.Build.0 = Debug|Any CPU
		{86518302-BFFA-44AE-99DF-1F733A387F81}.Debug|iPhone.Deploy.0 = Debug|Any CPU
		{86518302-BFFA-44AE-99DF-1F733A387F81}.Debug|iPhoneSimulator.ActiveCfg = Debug|Any CPU
		{86518302-BFFA-44AE-99DF-1F733A387F81}.Debug|iPhoneSimulator.Build.0 = Debug|Any CPU
		{86518302-BFFA-44AE-99DF-1F733A387F81}.Debug|iPhoneSimulator.Deploy.0 = Debug|Any CPU
		{86518302-BFFA-44AE-99DF-1F733A387F81}.Debug|x64.ActiveCfg = Debug|Any CPU
		{86518302-BFFA-44AE-99DF-1F733A387F81}.Debug|x64.Build.0 = Debug|Any CPU
		{86518302-BFFA-44AE-99DF-1F733A387F81}.Debug|x64.Deploy.0 = Debug|Any CPU
		{86518302-BFFA-44AE-99DF-1F733A387F81}.Debug|x86.ActiveCfg = Debug|Any CPU
		{86518302-BFFA-44AE-99DF-1F733A387F81}.Debug|x86.Build.0 = Debug|Any CPU
		{86518302-BFFA-44AE-99DF-1F733A387F81}.Debug|x86.Deploy.0 = Debug|Any CPU
		{86518302-BFFA-44AE-99DF-1F733A387F81}.Release|Any CPU.ActiveCfg = Release|Any CPU
		{86518302-BFFA-44AE-99DF-1F733A387F81}.Release|Any CPU.Build.0 = Release|Any CPU
		{86518302-BFFA-44AE-99DF-1F733A387F81}.Release|Any CPU.Deploy.0 = Release|Any CPU
		{86518302-BFFA-44AE-99DF-1F733A387F81}.Release|ARM.ActiveCfg = Release|Any CPU
		{86518302-BFFA-44AE-99DF-1F733A387F81}.Release|ARM.Build.0 = Release|Any CPU
		{86518302-BFFA-44AE-99DF-1F733A387F81}.Release|ARM.Deploy.0 = Release|Any CPU
		{86518302-BFFA-44AE-99DF-1F733A387F81}.Release|iPhone.ActiveCfg = Release|Any CPU
		{86518302-BFFA-44AE-99DF-1F733A387F81}.Release|iPhone.Build.0 = Release|Any CPU
		{86518302-BFFA-44AE-99DF-1F733A387F81}.Release|iPhone.Deploy.0 = Release|Any CPU
		{86518302-BFFA-44AE-99DF-1F733A387F81}.Release|iPhoneSimulator.ActiveCfg = Release|Any CPU
		{86518302-BFFA-44AE-99DF-1F733A387F81}.Release|iPhoneSimulator.Build.0 = Release|Any CPU
		{86518302-BFFA-44AE-99DF-1F733A387F81}.Release|iPhoneSimulator.Deploy.0 = Release|Any CPU
		{86518302-BFFA-44AE-99DF-1F733A387F81}.Release|x64.ActiveCfg = Release|Any CPU
		{86518302-BFFA-44AE-99DF-1F733A387F81}.Release|x64.Build.0 = Release|Any CPU
		{86518302-BFFA-44AE-99DF-1F733A387F81}.Release|x64.Deploy.0 = Release|Any CPU
		{86518302-BFFA-44AE-99DF-1F733A387F81}.Release|x86.ActiveCfg = Release|Any CPU
		{86518302-BFFA-44AE-99DF-1F733A387F81}.Release|x86.Build.0 = Release|Any CPU
		{86518302-BFFA-44AE-99DF-1F733A387F81}.Release|x86.Deploy.0 = Release|Any CPU
		{3FEDC182-D2FA-447B-82CC-4F5C58EC3123}.Ad-Hoc|Any CPU.ActiveCfg = Ad-Hoc|iPhone
		{3FEDC182-D2FA-447B-82CC-4F5C58EC3123}.Ad-Hoc|Any CPU.Build.0 = Ad-Hoc|iPhone
		{3FEDC182-D2FA-447B-82CC-4F5C58EC3123}.Ad-Hoc|Any CPU.Deploy.0 = Ad-Hoc|iPhone
		{3FEDC182-D2FA-447B-82CC-4F5C58EC3123}.Ad-Hoc|ARM.ActiveCfg = Ad-Hoc|iPhone
		{3FEDC182-D2FA-447B-82CC-4F5C58EC3123}.Ad-Hoc|ARM.Build.0 = Ad-Hoc|iPhone
		{3FEDC182-D2FA-447B-82CC-4F5C58EC3123}.Ad-Hoc|ARM.Deploy.0 = Ad-Hoc|iPhone
		{3FEDC182-D2FA-447B-82CC-4F5C58EC3123}.Ad-Hoc|iPhone.ActiveCfg = Ad-Hoc|iPhone
		{3FEDC182-D2FA-447B-82CC-4F5C58EC3123}.Ad-Hoc|iPhone.Build.0 = Ad-Hoc|iPhone
		{3FEDC182-D2FA-447B-82CC-4F5C58EC3123}.Ad-Hoc|iPhone.Deploy.0 = Ad-Hoc|iPhone
		{3FEDC182-D2FA-447B-82CC-4F5C58EC3123}.Ad-Hoc|iPhoneSimulator.ActiveCfg = Ad-Hoc|iPhoneSimulator
		{3FEDC182-D2FA-447B-82CC-4F5C58EC3123}.Ad-Hoc|iPhoneSimulator.Build.0 = Ad-Hoc|iPhoneSimulator
		{3FEDC182-D2FA-447B-82CC-4F5C58EC3123}.Ad-Hoc|iPhoneSimulator.Deploy.0 = Ad-Hoc|iPhoneSimulator
		{3FEDC182-D2FA-447B-82CC-4F5C58EC3123}.Ad-Hoc|x64.ActiveCfg = Ad-Hoc|iPhone
		{3FEDC182-D2FA-447B-82CC-4F5C58EC3123}.Ad-Hoc|x64.Build.0 = Ad-Hoc|iPhone
		{3FEDC182-D2FA-447B-82CC-4F5C58EC3123}.Ad-Hoc|x64.Deploy.0 = Ad-Hoc|iPhone
		{3FEDC182-D2FA-447B-82CC-4F5C58EC3123}.Ad-Hoc|x86.ActiveCfg = Ad-Hoc|iPhone
		{3FEDC182-D2FA-447B-82CC-4F5C58EC3123}.Ad-Hoc|x86.Build.0 = Ad-Hoc|iPhone
		{3FEDC182-D2FA-447B-82CC-4F5C58EC3123}.Ad-Hoc|x86.Deploy.0 = Ad-Hoc|iPhone
		{3FEDC182-D2FA-447B-82CC-4F5C58EC3123}.AppStore|Any CPU.ActiveCfg = AppStore|iPhone
		{3FEDC182-D2FA-447B-82CC-4F5C58EC3123}.AppStore|Any CPU.Build.0 = AppStore|iPhone
		{3FEDC182-D2FA-447B-82CC-4F5C58EC3123}.AppStore|Any CPU.Deploy.0 = AppStore|iPhone
		{3FEDC182-D2FA-447B-82CC-4F5C58EC3123}.AppStore|ARM.ActiveCfg = AppStore|iPhone
		{3FEDC182-D2FA-447B-82CC-4F5C58EC3123}.AppStore|ARM.Build.0 = AppStore|iPhone
		{3FEDC182-D2FA-447B-82CC-4F5C58EC3123}.AppStore|ARM.Deploy.0 = AppStore|iPhone
		{3FEDC182-D2FA-447B-82CC-4F5C58EC3123}.AppStore|iPhone.ActiveCfg = AppStore|iPhone
		{3FEDC182-D2FA-447B-82CC-4F5C58EC3123}.AppStore|iPhone.Build.0 = AppStore|iPhone
		{3FEDC182-D2FA-447B-82CC-4F5C58EC3123}.AppStore|iPhone.Deploy.0 = AppStore|iPhone
		{3FEDC182-D2FA-447B-82CC-4F5C58EC3123}.AppStore|iPhoneSimulator.ActiveCfg = AppStore|iPhoneSimulator
		{3FEDC182-D2FA-447B-82CC-4F5C58EC3123}.AppStore|iPhoneSimulator.Build.0 = AppStore|iPhoneSimulator
		{3FEDC182-D2FA-447B-82CC-4F5C58EC3123}.AppStore|iPhoneSimulator.Deploy.0 = AppStore|iPhoneSimulator
		{3FEDC182-D2FA-447B-82CC-4F5C58EC3123}.AppStore|x64.ActiveCfg = AppStore|iPhone
		{3FEDC182-D2FA-447B-82CC-4F5C58EC3123}.AppStore|x64.Build.0 = AppStore|iPhone
		{3FEDC182-D2FA-447B-82CC-4F5C58EC3123}.AppStore|x64.Deploy.0 = AppStore|iPhone
		{3FEDC182-D2FA-447B-82CC-4F5C58EC3123}.AppStore|x86.ActiveCfg = AppStore|iPhone
		{3FEDC182-D2FA-447B-82CC-4F5C58EC3123}.AppStore|x86.Build.0 = AppStore|iPhone
		{3FEDC182-D2FA-447B-82CC-4F5C58EC3123}.AppStore|x86.Deploy.0 = AppStore|iPhone
		{3FEDC182-D2FA-447B-82CC-4F5C58EC3123}.Debug|Any CPU.ActiveCfg = Debug|iPhoneSimulator
		{3FEDC182-D2FA-447B-82CC-4F5C58EC3123}.Debug|Any CPU.Build.0 = Debug|iPhoneSimulator
		{3FEDC182-D2FA-447B-82CC-4F5C58EC3123}.Debug|Any CPU.Deploy.0 = Debug|iPhoneSimulator
		{3FEDC182-D2FA-447B-82CC-4F5C58EC3123}.Debug|ARM.ActiveCfg = Debug|iPhone
		{3FEDC182-D2FA-447B-82CC-4F5C58EC3123}.Debug|ARM.Build.0 = Debug|iPhone
		{3FEDC182-D2FA-447B-82CC-4F5C58EC3123}.Debug|ARM.Deploy.0 = Debug|iPhone
		{3FEDC182-D2FA-447B-82CC-4F5C58EC3123}.Debug|iPhone.ActiveCfg = Debug|iPhone
		{3FEDC182-D2FA-447B-82CC-4F5C58EC3123}.Debug|iPhone.Build.0 = Debug|iPhone
		{3FEDC182-D2FA-447B-82CC-4F5C58EC3123}.Debug|iPhone.Deploy.0 = Debug|iPhone
		{3FEDC182-D2FA-447B-82CC-4F5C58EC3123}.Debug|iPhoneSimulator.ActiveCfg = Debug|iPhoneSimulator
		{3FEDC182-D2FA-447B-82CC-4F5C58EC3123}.Debug|iPhoneSimulator.Build.0 = Debug|iPhoneSimulator
		{3FEDC182-D2FA-447B-82CC-4F5C58EC3123}.Debug|iPhoneSimulator.Deploy.0 = Debug|iPhoneSimulator
		{3FEDC182-D2FA-447B-82CC-4F5C58EC3123}.Debug|x64.ActiveCfg = Debug|iPhone
		{3FEDC182-D2FA-447B-82CC-4F5C58EC3123}.Debug|x64.Build.0 = Debug|iPhone
		{3FEDC182-D2FA-447B-82CC-4F5C58EC3123}.Debug|x64.Deploy.0 = Debug|iPhone
		{3FEDC182-D2FA-447B-82CC-4F5C58EC3123}.Debug|x86.ActiveCfg = Debug|iPhone
		{3FEDC182-D2FA-447B-82CC-4F5C58EC3123}.Debug|x86.Build.0 = Debug|iPhone
		{3FEDC182-D2FA-447B-82CC-4F5C58EC3123}.Debug|x86.Deploy.0 = Debug|iPhone
		{3FEDC182-D2FA-447B-82CC-4F5C58EC3123}.Release|Any CPU.ActiveCfg = Release|iPhone
		{3FEDC182-D2FA-447B-82CC-4F5C58EC3123}.Release|Any CPU.Build.0 = Release|iPhone
		{3FEDC182-D2FA-447B-82CC-4F5C58EC3123}.Release|Any CPU.Deploy.0 = Release|iPhone
		{3FEDC182-D2FA-447B-82CC-4F5C58EC3123}.Release|ARM.ActiveCfg = Release|iPhone
		{3FEDC182-D2FA-447B-82CC-4F5C58EC3123}.Release|ARM.Build.0 = Release|iPhone
		{3FEDC182-D2FA-447B-82CC-4F5C58EC3123}.Release|ARM.Deploy.0 = Release|iPhone
		{3FEDC182-D2FA-447B-82CC-4F5C58EC3123}.Release|iPhone.ActiveCfg = Release|iPhone
		{3FEDC182-D2FA-447B-82CC-4F5C58EC3123}.Release|iPhone.Build.0 = Release|iPhone
		{3FEDC182-D2FA-447B-82CC-4F5C58EC3123}.Release|iPhone.Deploy.0 = Release|iPhone
		{3FEDC182-D2FA-447B-82CC-4F5C58EC3123}.Release|iPhoneSimulator.ActiveCfg = Release|iPhoneSimulator
		{3FEDC182-D2FA-447B-82CC-4F5C58EC3123}.Release|iPhoneSimulator.Build.0 = Release|iPhoneSimulator
		{3FEDC182-D2FA-447B-82CC-4F5C58EC3123}.Release|iPhoneSimulator.Deploy.0 = Release|iPhoneSimulator
		{3FEDC182-D2FA-447B-82CC-4F5C58EC3123}.Release|x64.ActiveCfg = Release|iPhone
		{3FEDC182-D2FA-447B-82CC-4F5C58EC3123}.Release|x64.Build.0 = Release|iPhone
		{3FEDC182-D2FA-447B-82CC-4F5C58EC3123}.Release|x64.Deploy.0 = Release|iPhone
		{3FEDC182-D2FA-447B-82CC-4F5C58EC3123}.Release|x86.ActiveCfg = Release|iPhone
		{3FEDC182-D2FA-447B-82CC-4F5C58EC3123}.Release|x86.Build.0 = Release|iPhone
		{3FEDC182-D2FA-447B-82CC-4F5C58EC3123}.Release|x86.Deploy.0 = Release|iPhone
		{03BAEBF1-29B7-4344-8365-D112CBDACEDE}.Ad-Hoc|Any CPU.ActiveCfg = Release|x86
		{03BAEBF1-29B7-4344-8365-D112CBDACEDE}.Ad-Hoc|Any CPU.Build.0 = Release|x86
		{03BAEBF1-29B7-4344-8365-D112CBDACEDE}.Ad-Hoc|Any CPU.Deploy.0 = Release|x86
		{03BAEBF1-29B7-4344-8365-D112CBDACEDE}.Ad-Hoc|ARM.ActiveCfg = Release|ARM
		{03BAEBF1-29B7-4344-8365-D112CBDACEDE}.Ad-Hoc|ARM.Build.0 = Release|ARM
		{03BAEBF1-29B7-4344-8365-D112CBDACEDE}.Ad-Hoc|ARM.Deploy.0 = Release|ARM
		{03BAEBF1-29B7-4344-8365-D112CBDACEDE}.Ad-Hoc|iPhone.ActiveCfg = Release|x86
		{03BAEBF1-29B7-4344-8365-D112CBDACEDE}.Ad-Hoc|iPhone.Build.0 = Release|x86
		{03BAEBF1-29B7-4344-8365-D112CBDACEDE}.Ad-Hoc|iPhone.Deploy.0 = Release|x86
		{03BAEBF1-29B7-4344-8365-D112CBDACEDE}.Ad-Hoc|iPhoneSimulator.ActiveCfg = Release|x86
		{03BAEBF1-29B7-4344-8365-D112CBDACEDE}.Ad-Hoc|iPhoneSimulator.Build.0 = Release|x86
		{03BAEBF1-29B7-4344-8365-D112CBDACEDE}.Ad-Hoc|iPhoneSimulator.Deploy.0 = Release|x86
		{03BAEBF1-29B7-4344-8365-D112CBDACEDE}.Ad-Hoc|x64.ActiveCfg = Release|x64
		{03BAEBF1-29B7-4344-8365-D112CBDACEDE}.Ad-Hoc|x64.Build.0 = Release|x64
		{03BAEBF1-29B7-4344-8365-D112CBDACEDE}.Ad-Hoc|x64.Deploy.0 = Release|x64
		{03BAEBF1-29B7-4344-8365-D112CBDACEDE}.Ad-Hoc|x86.ActiveCfg = Release|x86
		{03BAEBF1-29B7-4344-8365-D112CBDACEDE}.Ad-Hoc|x86.Build.0 = Release|x86
		{03BAEBF1-29B7-4344-8365-D112CBDACEDE}.Ad-Hoc|x86.Deploy.0 = Release|x86
		{03BAEBF1-29B7-4344-8365-D112CBDACEDE}.AppStore|Any CPU.ActiveCfg = Release|x86
		{03BAEBF1-29B7-4344-8365-D112CBDACEDE}.AppStore|Any CPU.Build.0 = Release|x86
		{03BAEBF1-29B7-4344-8365-D112CBDACEDE}.AppStore|Any CPU.Deploy.0 = Release|x86
		{03BAEBF1-29B7-4344-8365-D112CBDACEDE}.AppStore|ARM.ActiveCfg = Release|ARM
		{03BAEBF1-29B7-4344-8365-D112CBDACEDE}.AppStore|ARM.Build.0 = Release|ARM
		{03BAEBF1-29B7-4344-8365-D112CBDACEDE}.AppStore|ARM.Deploy.0 = Release|ARM
		{03BAEBF1-29B7-4344-8365-D112CBDACEDE}.AppStore|iPhone.ActiveCfg = Release|x86
		{03BAEBF1-29B7-4344-8365-D112CBDACEDE}.AppStore|iPhone.Build.0 = Release|x86
		{03BAEBF1-29B7-4344-8365-D112CBDACEDE}.AppStore|iPhone.Deploy.0 = Release|x86
		{03BAEBF1-29B7-4344-8365-D112CBDACEDE}.AppStore|iPhoneSimulator.ActiveCfg = Release|x86
		{03BAEBF1-29B7-4344-8365-D112CBDACEDE}.AppStore|iPhoneSimulator.Build.0 = Release|x86
		{03BAEBF1-29B7-4344-8365-D112CBDACEDE}.AppStore|iPhoneSimulator.Deploy.0 = Release|x86
		{03BAEBF1-29B7-4344-8365-D112CBDACEDE}.AppStore|x64.ActiveCfg = Release|x64
		{03BAEBF1-29B7-4344-8365-D112CBDACEDE}.AppStore|x64.Build.0 = Release|x64
		{03BAEBF1-29B7-4344-8365-D112CBDACEDE}.AppStore|x64.Deploy.0 = Release|x64
		{03BAEBF1-29B7-4344-8365-D112CBDACEDE}.AppStore|x86.ActiveCfg = Release|x86
		{03BAEBF1-29B7-4344-8365-D112CBDACEDE}.AppStore|x86.Build.0 = Release|x86
		{03BAEBF1-29B7-4344-8365-D112CBDACEDE}.AppStore|x86.Deploy.0 = Release|x86
		{03BAEBF1-29B7-4344-8365-D112CBDACEDE}.Debug|Any CPU.ActiveCfg = Debug|x86
		{03BAEBF1-29B7-4344-8365-D112CBDACEDE}.Debug|Any CPU.Build.0 = Debug|x86
		{03BAEBF1-29B7-4344-8365-D112CBDACEDE}.Debug|Any CPU.Deploy.0 = Debug|x86
		{03BAEBF1-29B7-4344-8365-D112CBDACEDE}.Debug|ARM.ActiveCfg = Debug|ARM
		{03BAEBF1-29B7-4344-8365-D112CBDACEDE}.Debug|ARM.Build.0 = Debug|ARM
		{03BAEBF1-29B7-4344-8365-D112CBDACEDE}.Debug|ARM.Deploy.0 = Debug|ARM
		{03BAEBF1-29B7-4344-8365-D112CBDACEDE}.Debug|iPhone.ActiveCfg = Debug|x86
		{03BAEBF1-29B7-4344-8365-D112CBDACEDE}.Debug|iPhone.Build.0 = Debug|x86
		{03BAEBF1-29B7-4344-8365-D112CBDACEDE}.Debug|iPhone.Deploy.0 = Debug|x86
		{03BAEBF1-29B7-4344-8365-D112CBDACEDE}.Debug|iPhoneSimulator.ActiveCfg = Debug|x86
		{03BAEBF1-29B7-4344-8365-D112CBDACEDE}.Debug|iPhoneSimulator.Build.0 = Debug|x86
		{03BAEBF1-29B7-4344-8365-D112CBDACEDE}.Debug|iPhoneSimulator.Deploy.0 = Debug|x86
		{03BAEBF1-29B7-4344-8365-D112CBDACEDE}.Debug|x64.ActiveCfg = Debug|x64
		{03BAEBF1-29B7-4344-8365-D112CBDACEDE}.Debug|x64.Build.0 = Debug|x64
		{03BAEBF1-29B7-4344-8365-D112CBDACEDE}.Debug|x64.Deploy.0 = Debug|x64
		{03BAEBF1-29B7-4344-8365-D112CBDACEDE}.Debug|x86.ActiveCfg = Debug|x86
		{03BAEBF1-29B7-4344-8365-D112CBDACEDE}.Debug|x86.Build.0 = Debug|x86
		{03BAEBF1-29B7-4344-8365-D112CBDACEDE}.Debug|x86.Deploy.0 = Debug|x86
		{03BAEBF1-29B7-4344-8365-D112CBDACEDE}.Release|Any CPU.ActiveCfg = Release|x86
		{03BAEBF1-29B7-4344-8365-D112CBDACEDE}.Release|Any CPU.Build.0 = Release|x86
		{03BAEBF1-29B7-4344-8365-D112CBDACEDE}.Release|Any CPU.Deploy.0 = Release|x86
		{03BAEBF1-29B7-4344-8365-D112CBDACEDE}.Release|ARM.ActiveCfg = Release|ARM
		{03BAEBF1-29B7-4344-8365-D112CBDACEDE}.Release|ARM.Build.0 = Release|ARM
		{03BAEBF1-29B7-4344-8365-D112CBDACEDE}.Release|ARM.Deploy.0 = Release|ARM
		{03BAEBF1-29B7-4344-8365-D112CBDACEDE}.Release|iPhone.ActiveCfg = Release|x86
		{03BAEBF1-29B7-4344-8365-D112CBDACEDE}.Release|iPhone.Build.0 = Release|x86
		{03BAEBF1-29B7-4344-8365-D112CBDACEDE}.Release|iPhone.Deploy.0 = Release|x86
		{03BAEBF1-29B7-4344-8365-D112CBDACEDE}.Release|iPhoneSimulator.ActiveCfg = Release|x86
		{03BAEBF1-29B7-4344-8365-D112CBDACEDE}.Release|iPhoneSimulator.Build.0 = Release|x86
		{03BAEBF1-29B7-4344-8365-D112CBDACEDE}.Release|iPhoneSimulator.Deploy.0 = Release|x86
		{03BAEBF1-29B7-4344-8365-D112CBDACEDE}.Release|x64.ActiveCfg = Release|x64
		{03BAEBF1-29B7-4344-8365-D112CBDACEDE}.Release|x64.Build.0 = Release|x64
		{03BAEBF1-29B7-4344-8365-D112CBDACEDE}.Release|x64.Deploy.0 = Release|x64
		{03BAEBF1-29B7-4344-8365-D112CBDACEDE}.Release|x86.ActiveCfg = Release|x86
		{03BAEBF1-29B7-4344-8365-D112CBDACEDE}.Release|x86.Build.0 = Release|x86
		{03BAEBF1-29B7-4344-8365-D112CBDACEDE}.Release|x86.Deploy.0 = Release|x86
		{54734E5D-AFDE-405F-B43C-FFFDD37CFCFC}.Ad-Hoc|Any CPU.ActiveCfg = Debug|Any CPU
		{54734E5D-AFDE-405F-B43C-FFFDD37CFCFC}.Ad-Hoc|Any CPU.Build.0 = Debug|Any CPU
		{54734E5D-AFDE-405F-B43C-FFFDD37CFCFC}.Ad-Hoc|Any CPU.Deploy.0 = Debug|Any CPU
		{54734E5D-AFDE-405F-B43C-FFFDD37CFCFC}.Ad-Hoc|ARM.ActiveCfg = Debug|Any CPU
		{54734E5D-AFDE-405F-B43C-FFFDD37CFCFC}.Ad-Hoc|ARM.Build.0 = Debug|Any CPU
		{54734E5D-AFDE-405F-B43C-FFFDD37CFCFC}.Ad-Hoc|ARM.Deploy.0 = Debug|Any CPU
		{54734E5D-AFDE-405F-B43C-FFFDD37CFCFC}.Ad-Hoc|iPhone.ActiveCfg = Debug|Any CPU
		{54734E5D-AFDE-405F-B43C-FFFDD37CFCFC}.Ad-Hoc|iPhone.Build.0 = Debug|Any CPU
		{54734E5D-AFDE-405F-B43C-FFFDD37CFCFC}.Ad-Hoc|iPhone.Deploy.0 = Debug|Any CPU
		{54734E5D-AFDE-405F-B43C-FFFDD37CFCFC}.Ad-Hoc|iPhoneSimulator.ActiveCfg = Debug|Any CPU
		{54734E5D-AFDE-405F-B43C-FFFDD37CFCFC}.Ad-Hoc|iPhoneSimulator.Build.0 = Debug|Any CPU
		{54734E5D-AFDE-405F-B43C-FFFDD37CFCFC}.Ad-Hoc|iPhoneSimulator.Deploy.0 = Debug|Any CPU
		{54734E5D-AFDE-405F-B43C-FFFDD37CFCFC}.Ad-Hoc|x64.ActiveCfg = Debug|Any CPU
		{54734E5D-AFDE-405F-B43C-FFFDD37CFCFC}.Ad-Hoc|x64.Build.0 = Debug|Any CPU
		{54734E5D-AFDE-405F-B43C-FFFDD37CFCFC}.Ad-Hoc|x64.Deploy.0 = Debug|Any CPU
		{54734E5D-AFDE-405F-B43C-FFFDD37CFCFC}.Ad-Hoc|x86.ActiveCfg = Debug|Any CPU
		{54734E5D-AFDE-405F-B43C-FFFDD37CFCFC}.Ad-Hoc|x86.Build.0 = Debug|Any CPU
		{54734E5D-AFDE-405F-B43C-FFFDD37CFCFC}.Ad-Hoc|x86.Deploy.0 = Debug|Any CPU
		{54734E5D-AFDE-405F-B43C-FFFDD37CFCFC}.AppStore|Any CPU.ActiveCfg = Debug|Any CPU
		{54734E5D-AFDE-405F-B43C-FFFDD37CFCFC}.AppStore|Any CPU.Build.0 = Debug|Any CPU
		{54734E5D-AFDE-405F-B43C-FFFDD37CFCFC}.AppStore|Any CPU.Deploy.0 = Debug|Any CPU
		{54734E5D-AFDE-405F-B43C-FFFDD37CFCFC}.AppStore|ARM.ActiveCfg = Debug|Any CPU
		{54734E5D-AFDE-405F-B43C-FFFDD37CFCFC}.AppStore|ARM.Build.0 = Debug|Any CPU
		{54734E5D-AFDE-405F-B43C-FFFDD37CFCFC}.AppStore|ARM.Deploy.0 = Debug|Any CPU
		{54734E5D-AFDE-405F-B43C-FFFDD37CFCFC}.AppStore|iPhone.ActiveCfg = Debug|Any CPU
		{54734E5D-AFDE-405F-B43C-FFFDD37CFCFC}.AppStore|iPhone.Build.0 = Debug|Any CPU
		{54734E5D-AFDE-405F-B43C-FFFDD37CFCFC}.AppStore|iPhone.Deploy.0 = Debug|Any CPU
		{54734E5D-AFDE-405F-B43C-FFFDD37CFCFC}.AppStore|iPhoneSimulator.ActiveCfg = Debug|Any CPU
		{54734E5D-AFDE-405F-B43C-FFFDD37CFCFC}.AppStore|iPhoneSimulator.Build.0 = Debug|Any CPU
		{54734E5D-AFDE-405F-B43C-FFFDD37CFCFC}.AppStore|iPhoneSimulator.Deploy.0 = Debug|Any CPU
		{54734E5D-AFDE-405F-B43C-FFFDD37CFCFC}.AppStore|x64.ActiveCfg = Debug|Any CPU
		{54734E5D-AFDE-405F-B43C-FFFDD37CFCFC}.AppStore|x64.Build.0 = Debug|Any CPU
		{54734E5D-AFDE-405F-B43C-FFFDD37CFCFC}.AppStore|x64.Deploy.0 = Debug|Any CPU
		{54734E5D-AFDE-405F-B43C-FFFDD37CFCFC}.AppStore|x86.ActiveCfg = Debug|Any CPU
		{54734E5D-AFDE-405F-B43C-FFFDD37CFCFC}.AppStore|x86.Build.0 = Debug|Any CPU
		{54734E5D-AFDE-405F-B43C-FFFDD37CFCFC}.AppStore|x86.Deploy.0 = Debug|Any CPU
		{54734E5D-AFDE-405F-B43C-FFFDD37CFCFC}.Debug|Any CPU.ActiveCfg = Debug|Any CPU
		{54734E5D-AFDE-405F-B43C-FFFDD37CFCFC}.Debug|Any CPU.Build.0 = Debug|Any CPU
		{54734E5D-AFDE-405F-B43C-FFFDD37CFCFC}.Debug|Any CPU.Deploy.0 = Debug|Any CPU
		{54734E5D-AFDE-405F-B43C-FFFDD37CFCFC}.Debug|ARM.ActiveCfg = Debug|Any CPU
		{54734E5D-AFDE-405F-B43C-FFFDD37CFCFC}.Debug|ARM.Build.0 = Debug|Any CPU
		{54734E5D-AFDE-405F-B43C-FFFDD37CFCFC}.Debug|ARM.Deploy.0 = Debug|Any CPU
		{54734E5D-AFDE-405F-B43C-FFFDD37CFCFC}.Debug|iPhone.ActiveCfg = Debug|Any CPU
		{54734E5D-AFDE-405F-B43C-FFFDD37CFCFC}.Debug|iPhone.Build.0 = Debug|Any CPU
		{54734E5D-AFDE-405F-B43C-FFFDD37CFCFC}.Debug|iPhone.Deploy.0 = Debug|Any CPU
		{54734E5D-AFDE-405F-B43C-FFFDD37CFCFC}.Debug|iPhoneSimulator.ActiveCfg = Debug|Any CPU
		{54734E5D-AFDE-405F-B43C-FFFDD37CFCFC}.Debug|iPhoneSimulator.Build.0 = Debug|Any CPU
		{54734E5D-AFDE-405F-B43C-FFFDD37CFCFC}.Debug|iPhoneSimulator.Deploy.0 = Debug|Any CPU
		{54734E5D-AFDE-405F-B43C-FFFDD37CFCFC}.Debug|x64.ActiveCfg = Debug|Any CPU
		{54734E5D-AFDE-405F-B43C-FFFDD37CFCFC}.Debug|x64.Build.0 = Debug|Any CPU
		{54734E5D-AFDE-405F-B43C-FFFDD37CFCFC}.Debug|x64.Deploy.0 = Debug|Any CPU
		{54734E5D-AFDE-405F-B43C-FFFDD37CFCFC}.Debug|x86.ActiveCfg = Debug|Any CPU
		{54734E5D-AFDE-405F-B43C-FFFDD37CFCFC}.Debug|x86.Build.0 = Debug|Any CPU
		{54734E5D-AFDE-405F-B43C-FFFDD37CFCFC}.Debug|x86.Deploy.0 = Debug|Any CPU
		{54734E5D-AFDE-405F-B43C-FFFDD37CFCFC}.Release|Any CPU.ActiveCfg = Release|Any CPU
		{54734E5D-AFDE-405F-B43C-FFFDD37CFCFC}.Release|Any CPU.Build.0 = Release|Any CPU
		{54734E5D-AFDE-405F-B43C-FFFDD37CFCFC}.Release|Any CPU.Deploy.0 = Release|Any CPU
		{54734E5D-AFDE-405F-B43C-FFFDD37CFCFC}.Release|ARM.ActiveCfg = Release|Any CPU
		{54734E5D-AFDE-405F-B43C-FFFDD37CFCFC}.Release|ARM.Build.0 = Release|Any CPU
		{54734E5D-AFDE-405F-B43C-FFFDD37CFCFC}.Release|ARM.Deploy.0 = Release|Any CPU
		{54734E5D-AFDE-405F-B43C-FFFDD37CFCFC}.Release|iPhone.ActiveCfg = Release|Any CPU
		{54734E5D-AFDE-405F-B43C-FFFDD37CFCFC}.Release|iPhone.Build.0 = Release|Any CPU
		{54734E5D-AFDE-405F-B43C-FFFDD37CFCFC}.Release|iPhone.Deploy.0 = Release|Any CPU
		{54734E5D-AFDE-405F-B43C-FFFDD37CFCFC}.Release|iPhoneSimulator.ActiveCfg = Release|Any CPU
		{54734E5D-AFDE-405F-B43C-FFFDD37CFCFC}.Release|iPhoneSimulator.Build.0 = Release|Any CPU
		{54734E5D-AFDE-405F-B43C-FFFDD37CFCFC}.Release|iPhoneSimulator.Deploy.0 = Release|Any CPU
		{54734E5D-AFDE-405F-B43C-FFFDD37CFCFC}.Release|x64.ActiveCfg = Release|Any CPU
		{54734E5D-AFDE-405F-B43C-FFFDD37CFCFC}.Release|x64.Build.0 = Release|Any CPU
		{54734E5D-AFDE-405F-B43C-FFFDD37CFCFC}.Release|x64.Deploy.0 = Release|Any CPU
		{54734E5D-AFDE-405F-B43C-FFFDD37CFCFC}.Release|x86.ActiveCfg = Release|Any CPU
		{54734E5D-AFDE-405F-B43C-FFFDD37CFCFC}.Release|x86.Build.0 = Release|Any CPU
		{54734E5D-AFDE-405F-B43C-FFFDD37CFCFC}.Release|x86.Deploy.0 = Release|Any CPU
	EndGlobalSection
	GlobalSection(SolutionProperties) = preSolution
		HideSolutionNode = FALSE
	EndGlobalSection
	GlobalSection(ExtensibilityGlobals) = postSolution
		SolutionGuid = {E90A7C49-CD6D-4C38-B802-BE2390062337}
	EndGlobalSection
EndGlobal
